
Microsoft Visual Studio Solution File, Format Version 12.00
# Visual Studio 14
VisualStudioVersion = 14.0.23107.0
MinimumVisualStudioVersion = 10.0.40219.1
Project("{FAE04EC0-301F-11D3-BF4B-00C04F79EFBC}") = "task2", "Lab2\task2.csproj", "{2CD660FA-FF10-44AF-B0D0-453ABDBA35B5}"
EndProject
Project("{FAE04EC0-301F-11D3-BF4B-00C04F79EFBC}") = "task3", "task3\task3.csproj", "{F3185EEA-8CCA-45E0-8B8F-04EBA472DFE1}"
EndProject
Project("{FAE04EC0-301F-11D3-BF4B-00C04F79EFBC}") = "DataTests", "Tests\DataTests.csproj", "{DFC4356D-04E3-4E6C-89C9-2A3BA687F5B5}"
EndProject
Global
	GlobalSection(SolutionConfigurationPlatforms) = preSolution
		Debug|Any CPU = Debug|Any CPU
		Release|Any CPU = Release|Any CPU
	EndGlobalSection
	GlobalSection(ProjectConfigurationPlatforms) = postSolution
		{2CD660FA-FF10-44AF-B0D0-453ABDBA35B5}.Debug|Any CPU.ActiveCfg = Debug|Any CPU
		{2CD660FA-FF10-44AF-B0D0-453ABDBA35B5}.Debug|Any CPU.Build.0 = Debug|Any CPU
		{2CD660FA-FF10-44AF-B0D0-453ABDBA35B5}.Release|Any CPU.ActiveCfg = Release|Any CPU
		{2CD660FA-FF10-44AF-B0D0-453ABDBA35B5}.Release|Any CPU.Build.0 = Release|Any CPU
		{F3185EEA-8CCA-45E0-8B8F-04EBA472DFE1}.Debug|Any CPU.ActiveCfg = Debug|Any CPU
		{F3185EEA-8CCA-45E0-8B8F-04EBA472DFE1}.Debug|Any CPU.Build.0 = Debug|Any CPU
		{F3185EEA-8CCA-45E0-8B8F-04EBA472DFE1}.Release|Any CPU.ActiveCfg = Release|Any CPU
		{F3185EEA-8CCA-45E0-8B8F-04EBA472DFE1}.Release|Any CPU.Build.0 = Release|Any CPU
		{DFC4356D-04E3-4E6C-89C9-2A3BA687F5B5}.Debug|Any CPU.ActiveCfg = Debug|Any CPU
		{DFC4356D-04E3-4E6C-89C9-2A3BA687F5B5}.Debug|Any CPU.Build.0 = Debug|Any CPU
		{DFC4356D-04E3-4E6C-89C9-2A3BA687F5B5}.Release|Any CPU.ActiveCfg = Release|Any CPU
		{DFC4356D-04E3-4E6C-89C9-2A3BA687F5B5}.Release|Any CPU.Build.0 = Release|Any CPU
	EndGlobalSection
	GlobalSection(SolutionProperties) = preSolution
		HideSolutionNode = FALSE
	EndGlobalSection
EndGlobal
